<Solution>
  <Folder Name="/Modules/" />
  <Folder Name="/Modules/Passes/" />
  <Folder Name="/Modules/Passes/Passes.Application/">
    <Project Path="Modules/Passes/Passes.Application/Fitnet.Modules.Passes.Application.csproj" />
  </Folder>
  <Folder Name="/Modules/Passes/Passes.Domain/">
    <Project Path="Modules/Passes/Passes.Domain/Fitnet.Modules.Passes.Domain.csproj" />
  </Folder>
  <Folder Name="/Modules/Passes/Passes.Infrastructure/">
    <Project Path="Modules/Passes/Passes.Infrastructure/Fitnet.Modules.Passes.Infrastructure.csproj" />
  </Folder>
  <Folder Name="/Modules/Passes/Passes.Presentation/">
    <Project Path="Modules/Passes/Passes.Presentation/Fitnet.Modules.Passes.Presentation.csproj" />
  </Folder>
  <Project Path="Fitnet.AppHost/Fitnet.AppHost.csproj" />
  <Project Path="Fitnet.ArchitectureTests\Fitnet.ArchitectureTests.csproj" />
  <Project Path="Fitnet.IntegrationTests\Fitnet.IntegrationTests.csproj" />
  <Project Path="Fitnet.UnitTests\Fitnet.UnitTests.csproj" />
  <Project Path="Fitnet\Fitnet.csproj" />
</Solution>